
Microsoft Visual Studio Solution File, Format Version 12.00
# Visual Studio Version 17
VisualStudioVersion = 17.6.33801.468
MinimumVisualStudioVersion = 10.0.40219.1
Project("{FAE04EC0-301F-11D3-BF4B-00C04F79EFBC}") = "EvenOdd", "EvenOdd\EvenOdd.csproj", "{16F1D64F-6119-4292-B51D-923D35EA5A4C}"
EndProject
Project("{FAE04EC0-301F-11D3-BF4B-00C04F79EFBC}") = "BasicAuth", "BasicAuth\BasicAuth.csproj", "{45AF1924-632B-4F72-960A-2D968AF9C8F8}"
EndProject
Project("{FAE04EC0-301F-11D3-BF4B-00C04F79EFBC}") = "DatabaseConnection", "DatabaseConnection\DatabaseConnection.csproj", "{9DB2E102-BA70-41FB-A3EB-AB4FE1B40F80}"
EndProject
Global
	GlobalSection(SolutionConfigurationPlatforms) = preSolution
		Debug|Any CPU = Debug|Any CPU
		Release|Any CPU = Release|Any CPU
	EndGlobalSection
	GlobalSection(ProjectConfigurationPlatforms) = postSolution
		{16F1D64F-6119-4292-B51D-923D35EA5A4C}.Debug|Any CPU.ActiveCfg = Debug|Any CPU
		{16F1D64F-6119-4292-B51D-923D35EA5A4C}.Debug|Any CPU.Build.0 = Debug|Any CPU
		{16F1D64F-6119-4292-B51D-923D35EA5A4C}.Release|Any CPU.ActiveCfg = Release|Any CPU
		{16F1D64F-6119-4292-B51D-923D35EA5A4C}.Release|Any CPU.Build.0 = Release|Any CPU
		{45AF1924-632B-4F72-960A-2D968AF9C8F8}.Debug|Any CPU.ActiveCfg = Debug|Any CPU
		{45AF1924-632B-4F72-960A-2D968AF9C8F8}.Debug|Any CPU.Build.0 = Debug|Any CPU
		{45AF1924-632B-4F72-960A-2D968AF9C8F8}.Release|Any CPU.ActiveCfg = Release|Any CPU
		{45AF1924-632B-4F72-960A-2D968AF9C8F8}.Release|Any CPU.Build.0 = Release|Any CPU
		{9DB2E102-BA70-41FB-A3EB-AB4FE1B40F80}.Debug|Any CPU.ActiveCfg = Debug|Any CPU
		{9DB2E102-BA70-41FB-A3EB-AB4FE1B40F80}.Debug|Any CPU.Build.0 = Debug|Any CPU
		{9DB2E102-BA70-41FB-A3EB-AB4FE1B40F80}.Release|Any CPU.ActiveCfg = Release|Any CPU
		{9DB2E102-BA70-41FB-A3EB-AB4FE1B40F80}.Release|Any CPU.Build.0 = Release|Any CPU
	EndGlobalSection
	GlobalSection(SolutionProperties) = preSolution
		HideSolutionNode = FALSE
	EndGlobalSection
	GlobalSection(ExtensibilityGlobals) = postSolution
		SolutionGuid = {A6F702D1-3434-486D-9151-1997B542D718}
	EndGlobalSection
EndGlobal
